
Microsoft Visual Studio Solution File, Format Version 12.00
Project("{FAE04EC0-301F-11D3-BF4B-00C04F79EFBC}") = "valetudo-tray-companion", "valetudo-tray-companion\valetudo-tray-companion.csproj", "{772A550D-5F13-463A-BE6F-C22AC686E6FA}"
EndProject
Global
	GlobalSection(SolutionConfigurationPlatforms) = preSolution
		Debug|Any CPU = Debug|Any CPU
		Release|Any CPU = Release|Any CPU
	EndGlobalSection
	GlobalSection(ProjectConfigurationPlatforms) = postSolution
		{772A550D-5F13-463A-BE6F-C22AC686E6FA}.Debug|Any CPU.ActiveCfg = Debug|Any CPU
		{772A550D-5F13-463A-BE6F-C22AC686E6FA}.Debug|Any CPU.Build.0 = Debug|Any CPU
		{772A550D-5F13-463A-BE6F-C22AC686E6FA}.Release|Any CPU.ActiveCfg = Release|Any CPU
		{772A550D-5F13-463A-BE6F-C22AC686E6FA}.Release|Any CPU.Build.0 = Release|Any CPU
	EndGlobalSection
EndGlobal
